// !$*UTF8*$!
{
	archiveVersion = 1;
	classes = {
	};
	objectVersion = 46;
	objects = {

/* Begin PBXBuildFile section */
		19D91B1C1E25F7B100AE738D /* AppDelegate.swift in Sources */ = {isa = PBXBuildFile; fileRef = 19D91B1B1E25F7B100AE738D /* AppDelegate.swift */; };
		19D91B1E1E25F7B100AE738D /* ViewController.swift in Sources */ = {isa = PBXBuildFile; fileRef = 19D91B1D1E25F7B100AE738D /* ViewController.swift */; };
		19D91B211E25F7B100AE738D /* Main.storyboard in Resources */ = {isa = PBXBuildFile; fileRef = 19D91B1F1E25F7B100AE738D /* Main.storyboard */; };
		19D91B231E25F7B100AE738D /* Assets.xcassets in Resources */ = {isa = PBXBuildFile; fileRef = 19D91B221E25F7B100AE738D /* Assets.xcassets */; };
		19D91B261E25F7B100AE738D /* LaunchScreen.storyboard in Resources */ = {isa = PBXBuildFile; fileRef = 19D91B241E25F7B100AE738D /* LaunchScreen.storyboard */; };
/* End PBXBuildFile section */

/* Begin PBXFileReference section */
		19D91B181E25F7B100AE738D /* CoreMotioner.app */ = {isa = PBXFileReference; explicitFileType = wrapper.application; includeInIndex = 0; path = CoreMotioner.app; sourceTree = BUILT_PRODUCTS_DIR; };
		19D91B1B1E25F7B100AE738D /* AppDelegate.swift */ = {isa = PBXFileReference; lastKnownFileType = sourcecode.swift; path = AppDelegate.swift; sourceTree = "<group>"; };
		19D91B1D1E25F7B100AE738D /* ViewController.swift */ = {isa = PBXFileReference; lastKnownFileType = sourcecode.swift; path = ViewController.swift; sourceTree = "<group>"; };
		19D91B201E25F7B100AE738D /* Base */ = {isa = PBXFileReference; lastKnownFileType = file.storyboard; name = Base; path = Base.lproj/Main.storyboard; sourceTree = "<group>"; };
		19D91B221E25F7B100AE738D /* Assets.xcassets */ = {isa = PBXFileReference; lastKnownFileType = folder.assetcatalog; path = Assets.xcassets; sourceTree = "<group>"; };
		19D91B251E25F7B100AE738D /* Base */ = {isa = PBXFileReference; lastKnownFileType = file.storyboard; name = Base; path = Base.lproj/LaunchScreen.storyboard; sourceTree = "<group>"; };
		19D91B271E25F7B100AE738D /* Info.plist */ = {isa = PBXFileReference; lastKnownFileType = text.plist.xml; path = Info.plist; sourceTree = "<group>"; };
/* End PBXFileReference section */

/* Begin PBXFrameworksBuildPhase section */
		19D91B151E25F7B100AE738D /* Frameworks */ = {
			isa = PBXFrameworksBuildPhase;
			buildActionMask = 2147483647;
			files = (
			);
			runOnlyForDeploymentPostprocessing = 0;
		};
/* End PBXFrameworksBuildPhase section */

/* Begin PBXGroup section */
		19D91B0F1E25F7B100AE738D = {
			isa = PBXGroup;
			children = (
				19D91B1A1E25F7B100AE738D /* CoreMotioner */,
				19D91B191E25F7B100AE738D /* Products */,
			);
			sourceTree = "<group>";
		};
		19D91B191E25F7B100AE738D /* Products */ = {
			isa = PBXGroup;
			children = (
				19D91B181E25F7B100AE738D /* CoreMotioner.app */,
			);
			name = Products;
			sourceTree = "<group>";
		};
		19D91B1A1E25F7B100AE738D /* CoreMotioner */ = {
			isa = PBXGroup;
			children = (
				19D91B1B1E25F7B100AE738D /* AppDelegate.swift */,
				19D91B1D1E25F7B100AE738D /* ViewController.swift */,
				19D91B1F1E25F7B100AE738D /* Main.storyboard */,
				19D91B221E25F7B100AE738D /* Assets.xcassets */,
				19D91B241E25F7B100AE738D /* LaunchScreen.storyboard */,
				19D91B271E25F7B100AE738D /* Info.plist */,
			);
			path = CoreMotioner;
			sourceTree = "<group>";
		};
/* End PBXGroup section */

/* Begin PBXNativeTarget section */
		19D91B171E25F7B100AE738D /* CoreMotioner */ = {
			isa = PBXNativeTarget;
			buildConfigurationList = 19D91B2A1E25F7B100AE738D /* Build configuration list for PBXNativeTarget "CoreMotioner" */;
			buildPhases = (
				19D91B141E25F7B100AE738D /* Sources */,
				19D91B151E25F7B100AE738D /* Frameworks */,
				19D91B161E25F7B100AE738D /* Resources */,
			);
			buildRules = (
			);
			dependencies = (
			);
			name = CoreMotioner;
			productName = CoreMotioner;
			productReference = 19D91B181E25F7B100AE738D /* CoreMotioner.app */;
			productType = "com.apple.product-type.application";
		};
/* End PBXNativeTarget section */

/* Begin PBXProject section */
		19D91B101E25F7B100AE738D /* Project object */ = {
			isa = PBXProject;
			attributes = {
				LastSwiftUpdateCheck = 0820;
				LastUpgradeCheck = 0820;
				ORGANIZATIONNAME = "麻生 拓弥";
				TargetAttributes = {
					19D91B171E25F7B100AE738D = {
						CreatedOnToolsVersion = 8.2.1;
						DevelopmentTeam = 7M7ZGYSAKB;
						ProvisioningStyle = Automatic;
					};
				};
			};
			buildConfigurationList = 19D91B131E25F7B100AE738D /* Build configuration list for PBXProject "CoreMotioner" */;
			compatibilityVersion = "Xcode 3.2";
			developmentRegion = English;
			hasScannedForEncodings = 0;
			knownRegions = (
				en,
				Base,
			);
			mainGroup = 19D91B0F1E25F7B100AE738D;
			productRefGroup = 19D91B191E25F7B100AE738D /* Products */;
			projectDirPath = "";
			projectRoot = "";
			targets = (
				19D91B171E25F7B100AE738D /* CoreMotioner */,
			);
		};
/* End PBXProject section */

/* Begin PBXResourcesBuildPhase section */
		19D91B161E25F7B100AE738D /* Resources */ = {
			isa = PBXResourcesBuildPhase;
			buildActionMask = 2147483647;
			files = (
				19D91B261E25F7B100AE738D /* LaunchScreen.storyboard in Resources */,
				19D91B231E25F7B100AE738D /* Assets.xcassets in Resources */,
				19D91B211E25F7B100AE738D /* Main.storyboard in Resources */,
			);
			runOnlyForDeploymentPostprocessing = 0;
		};
/* End PBXResourcesBuildPhase section */

/* Begin PBXSourcesBuildPhase section */
		19D91B141E25F7B100AE738D /* Sources */ = {
			isa = PBXSourcesBuildPhase;
			buildActionMask = 2147483647;
			files = (
				19D91B1E1E25F7B100AE738D /* ViewController.swift in Sources */,
				19D91B1C1E25F7B100AE738D /* AppDelegate.swift in Sources */,
			);
			runOnlyForDeploymentPostprocessing = 0;
		};
/* End PBXSourcesBuildPhase section */

/* Begin PBXVariantGroup section */
		19D91B1F1E25F7B100AE738D /* Main.storyboard */ = {
			isa = PBXVariantGroup;
			children = (
				19D91B201E25F7B100AE738D /* Base */,
			);
			name = Main.storyboard;
			sourceTree = "<group>";
		};
		19D91B241E25F7B100AE738D /* LaunchScreen.storyboard */ = {
			isa = PBXVariantGroup;
			children = (
				19D91B251E25F7B100AE738D /* Base */,
			);
			name = LaunchScreen.storyboard;
			sourceTree = "<group>";
		};
/* End PBXVariantGroup section */

/* Begin XCBuildConfiguration section */
		19D91B281E25F7B100AE738D /* Debug */ = {
			isa = XCBuildConfiguration;
			buildSettings = {
				ALWAYS_SEARCH_USER_PATHS = NO;
				CLANG_ANALYZER_NONNULL = YES;
				CLANG_CXX_LANGUAGE_STANDARD = "gnu++0x";
				CLANG_CXX_LIBRARY = "libc++";
				CLANG_ENABLE_MODULES = YES;
				CLANG_ENABLE_OBJC_ARC = YES;
				CLANG_WARN_BOOL_CONVERSION = YES;
				CLANG_WARN_CONSTANT_CONVERSION = YES;
				CLANG_WARN_DIRECT_OBJC_ISA_USAGE = YES_ERROR;
				CLANG_WARN_DOCUMENTATION_COMMENTS = YES;
				CLANG_WARN_EMPTY_BODY = YES;
				CLANG_WARN_ENUM_CONVERSION = YES;
				CLANG_WARN_INFINITE_RECURSION = YES;
				CLANG_WARN_INT_CONVERSION = YES;
				CLANG_WARN_OBJC_ROOT_CLASS = YES_ERROR;
				CLANG_WARN_SUSPICIOUS_MOVE = YES;
				CLANG_WARN_UNREACHABLE_CODE = YES;
				CLANG_WARN__DUPLICATE_METHOD_MATCH = YES;
				"CODE_SIGN_IDENTITY[sdk=iphoneos*]" = "iPhone Developer";
				COPY_PHASE_STRIP = NO;
				DEBUG_INFORMATION_FORMAT = dwarf;
				ENABLE_STRICT_OBJC_MSGSEND = YES;
				ENABLE_TESTABILITY = YES;
				GCC_C_LANGUAGE_STANDARD = gnu99;
				GCC_DYNAMIC_NO_PIC = NO;
				GCC_NO_COMMON_BLOCKS = YES;
				GCC_OPTIMIZATION_LEVEL = 0;
				GCC_PREPROCESSOR_DEFINITIONS = (
					"DEBUG=1",
					"$(inherited)",
				);
				GCC_WARN_64_TO_32_BIT_CONVERSION = YES;
				GCC_WARN_ABOUT_RETURN_TYPE = YES_ERROR;
				GCC_WARN_UNDECLARED_SELECTOR = YES;
				GCC_WARN_UNINITIALIZED_AUTOS = YES_AGGRESSIVE;
				GCC_WARN_UNUSED_FUNCTION = YES;
				GCC_WARN_UNUSED_VARIABLE = YES;
				IPHONEOS_DEPLOYMENT_TARGET = 10.2;
				MTL_ENABLE_DEBUG_INFO = YES;
				ONLY_ACTIVE_ARCH = YES;
				SDKROOT = iphoneos;
				SWIFT_ACTIVE_COMPILATION_CONDITIONS = DEBUG;
				SWIFT_OPTIMIZATION_LEVEL = "-Onone";
				TARGETED_DEVICE_FAMILY = "1,2";
			};
			name = Debug;
		};
		19D91B291E25F7B100AE738D /* Release */ = {
			isa = XCBuildConfiguration;
			buildSettings = {
				ALWAYS_SEARCH_USER_PATHS = NO;
				CLANG_ANALYZER_NONNULL = YES;
				CLANG_CXX_LANGUAGE_STANDARD = "gnu++0x";
				CLANG_CXX_LIBRARY = "libc++";
				CLANG_ENABLE_MODULES = YES;
				CLANG_ENABLE_OBJC_ARC = YES;
				CLANG_WARN_BOOL_CONVERSION = YES;
				CLANG_WARN_CONSTANT_CONVERSION = YES;
				CLANG_WARN_DIRECT_OBJC_ISA_USAGE = YES_ERROR;
				CLANG_WARN_DOCUMENTATION_COMMENTS = YES;
				CLANG_WARN_EMPTY_BODY = YES;
				CLANG_WARN_ENUM_CONVERSION = YES;
				CLANG_WARN_INFINITE_RECURSION = YES;
				CLANG_WARN_INT_CONVERSION = YES;
				CLANG_WARN_OBJC_ROOT_CLASS = YES_ERROR;
				CLANG_WARN_SUSPICIOUS_MOVE = YES;
				CLANG_WARN_UNREACHABLE_CODE = YES;
				CLANG_WARN__DUPLICATE_METHOD_MATCH = YES;
				"CODE_SIGN_IDENTITY[sdk=iphoneos*]" = "iPhone Developer";
				COPY_PHASE_STRIP = NO;
				DEBUG_INFORMATION_FORMAT = "dwarf-with-dsym";
				ENABLE_NS_ASSERTIONS = NO;
				ENABLE_STRICT_OBJC_MSGSEND = YES;
				GCC_C_LANGUAGE_STANDARD = gnu99;
				GCC_NO_COMMON_BLOCKS = YES;
				GCC_WARN_64_TO_32_BIT_CONVERSION = YES;
				GCC_WARN_ABOUT_RETURN_TYPE = YES_ERROR;
				GCC_WARN_UNDECLARED_SELECTOR = YES;
				GCC_WARN_UNINITIALIZED_AUTOS = YES_AGGRESSIVE;
				GCC_WARN_UNUSED_FUNCTION = YES;
				GCC_WARN_UNUSED_VARIABLE = YES;
				IPHONEOS_DEPLOYMENT_TARGET = 10.2;
				MTL_ENABLE_DEBUG_INFO = NO;
				SDKROOT = iphoneos;
				SWIFT_OPTIMIZATION_LEVEL = "-Owholemodule";
				TARGETED_DEVICE_FAMILY = "1,2";
				VALIDATE_PRODUCT = YES;
			};
			name = Release;
		};
		19D91B2B1E25F7B100AE738D /* Debug */ = {
			isa = XCBuildConfiguration;
			buildSettings = {
				ASSETCATALOG_COMPILER_APPICON_NAME = AppIcon;
				DEVELOPMENT_TEAM = 7M7ZGYSAKB;
				INFOPLIST_FILE = CoreMotioner/Info.plist;
				LD_RUNPATH_SEARCH_PATHS = "$(inherited) @executable_path/Frameworks";
				PRODUCT_BUNDLE_IDENTIFIER = com.ASTK.CoreMotioner;
				PRODUCT_NAME = "$(TARGET_NAME)";
				SWIFT_VERSION = 3.0;
			};
			name = Debug;
		};
		19D91B2C1E25F7B100AE738D /* Release */ = {
			isa = XCBuildConfiguration;
			buildSettings = {
				ASSETCATALOG_COMPILER_APPICON_NAME = AppIcon;
				DEVELOPMENT_TEAM = 7M7ZGYSAKB;
				INFOPLIST_FILE = CoreMotioner/Info.plist;
				LD_RUNPATH_SEARCH_PATHS = "$(inherited) @executable_path/Frameworks";
				PRODUCT_BUNDLE_IDENTIFIER = com.ASTK.CoreMotioner;
				PRODUCT_NAME = "$(TARGET_NAME)";
				SWIFT_VERSION = 3.0;
			};
			name = Release;
		};
/* End XCBuildConfiguration section */

/* Begin XCConfigurationList section */
		19D91B131E25F7B100AE738D /* Build configuration list for PBXProject "CoreMotioner" */ = {
			isa = XCConfigurationList;
			buildConfigurations = (
				19D91B281E25F7B100AE738D /* Debug */,
				19D91B291E25F7B100AE738D /* Release */,
			);
			defaultConfigurationIsVisible = 0;
			defaultConfigurationName = Release;
		};
		19D91B2A1E25F7B100AE738D /* Build configuration list for PBXNativeTarget "CoreMotioner" */ = {
			isa = XCConfigurationList;
			buildConfigurations = (
				19D91B2B1E25F7B100AE738D /* Debug */,
				19D91B2C1E25F7B100AE738D /* Release */,
			);
			defaultConfigurationIsVisible = 0;
		};
/* End XCConfigurationList section */
	};
	rootObject = 19D91B101E25F7B100AE738D /* Project object */;
}
